
Microsoft Visual Studio Solution File, Format Version 12.00
# Visual Studio Express 2012 for Windows Desktop
Project("{FAE04EC0-301F-11D3-BF4B-00C04F79EFBC}") = "Ex5.5-ChkLotto", "Ex5.5-ChkLotto\Ex5.5-ChkLotto.csproj", "{B9073BDA-38C4-4B80-9BB9-8CDD31F72743}"
EndProject
Global
	GlobalSection(SolutionConfigurationPlatforms) = preSolution
		Debug|Any CPU = Debug|Any CPU
		Release|Any CPU = Release|Any CPU
	EndGlobalSection
	GlobalSection(ProjectConfigurationPlatforms) = postSolution
		{B9073BDA-38C4-4B80-9BB9-8CDD31F72743}.Debug|Any CPU.ActiveCfg = Debug|Any CPU
		{B9073BDA-38C4-4B80-9BB9-8CDD31F72743}.Debug|Any CPU.Build.0 = Debug|Any CPU
		{B9073BDA-38C4-4B80-9BB9-8CDD31F72743}.Release|Any CPU.ActiveCfg = Release|Any CPU
		{B9073BDA-38C4-4B80-9BB9-8CDD31F72743}.Release|Any CPU.Build.0 = Release|Any CPU
	EndGlobalSection
	GlobalSection(SolutionProperties) = preSolution
		HideSolutionNode = FALSE
	EndGlobalSection
EndGlobal
