
Microsoft Visual Studio Solution File, Format Version 12.00
# Visual Studio Express 2012 for Windows Desktop
Project("{FAE04EC0-301F-11D3-BF4B-00C04F79EFBC}") = "Ex3-Buttons", "Ex3-Buttons\Ex3-Buttons.csproj", "{28CE6E3C-FAAB-406B-8ED5-8BC937E865B6}"
EndProject
Global
	GlobalSection(SolutionConfigurationPlatforms) = preSolution
		Debug|Any CPU = Debug|Any CPU
		Release|Any CPU = Release|Any CPU
	EndGlobalSection
	GlobalSection(ProjectConfigurationPlatforms) = postSolution
		{28CE6E3C-FAAB-406B-8ED5-8BC937E865B6}.Debug|Any CPU.ActiveCfg = Debug|Any CPU
		{28CE6E3C-FAAB-406B-8ED5-8BC937E865B6}.Debug|Any CPU.Build.0 = Debug|Any CPU
		{28CE6E3C-FAAB-406B-8ED5-8BC937E865B6}.Release|Any CPU.ActiveCfg = Release|Any CPU
		{28CE6E3C-FAAB-406B-8ED5-8BC937E865B6}.Release|Any CPU.Build.0 = Release|Any CPU
	EndGlobalSection
	GlobalSection(SolutionProperties) = preSolution
		HideSolutionNode = FALSE
	EndGlobalSection
EndGlobal
